// !$*UTF8*$!
{
	archiveVersion = 1;
	classes = {
	};
	objectVersion = 46;
	objects = {

/* Begin PBXBuildFile section */
		310D9D301CBD3D97001C39BA /* AppDelegate.swift in Sources */ = {isa = PBXBuildFile; fileRef = 310D9D2F1CBD3D97001C39BA /* AppDelegate.swift */; };
		310D9D321CBD3D97001C39BA /* MasterViewController.swift in Sources */ = {isa = PBXBuildFile; fileRef = 310D9D311CBD3D97001C39BA /* MasterViewController.swift */; };
		310D9D341CBD3D97001C39BA /* DetailViewController.swift in Sources */ = {isa = PBXBuildFile; fileRef = 310D9D331CBD3D97001C39BA /* DetailViewController.swift */; };
		310D9D371CBD3D97001C39BA /* Main.storyboard in Resources */ = {isa = PBXBuildFile; fileRef = 310D9D351CBD3D97001C39BA /* Main.storyboard */; };
		310D9D391CBD3D98001C39BA /* Assets.xcassets in Resources */ = {isa = PBXBuildFile; fileRef = 310D9D381CBD3D98001C39BA /* Assets.xcassets */; };
		310D9D3C1CBD3D98001C39BA /* LaunchScreen.storyboard in Resources */ = {isa = PBXBuildFile; fileRef = 310D9D3A1CBD3D98001C39BA /* LaunchScreen.storyboard */; };
		310D9D441CBD3E5E001C39BA /* TableViewCell.swift in Sources */ = {isa = PBXBuildFile; fileRef = 310D9D431CBD3E5E001C39BA /* TableViewCell.swift */; };
/* End PBXBuildFile section */

/* Begin PBXFileReference section */
		310D9D2C1CBD3D97001C39BA /* StretchMyHeader.app */ = {isa = PBXFileReference; explicitFileType = wrapper.application; includeInIndex = 0; path = StretchMyHeader.app; sourceTree = BUILT_PRODUCTS_DIR; };
		310D9D2F1CBD3D97001C39BA /* AppDelegate.swift */ = {isa = PBXFileReference; lastKnownFileType = sourcecode.swift; path = AppDelegate.swift; sourceTree = "<group>"; };
		310D9D311CBD3D97001C39BA /* MasterViewController.swift */ = {isa = PBXFileReference; lastKnownFileType = sourcecode.swift; path = MasterViewController.swift; sourceTree = "<group>"; };
		310D9D331CBD3D97001C39BA /* DetailViewController.swift */ = {isa = PBXFileReference; lastKnownFileType = sourcecode.swift; path = DetailViewController.swift; sourceTree = "<group>"; };
		310D9D361CBD3D97001C39BA /* Base */ = {isa = PBXFileReference; lastKnownFileType = file.storyboard; name = Base; path = Base.lproj/Main.storyboard; sourceTree = "<group>"; };
		310D9D381CBD3D98001C39BA /* Assets.xcassets */ = {isa = PBXFileReference; lastKnownFileType = folder.assetcatalog; path = Assets.xcassets; sourceTree = "<group>"; };
		310D9D3B1CBD3D98001C39BA /* Base */ = {isa = PBXFileReference; lastKnownFileType = file.storyboard; name = Base; path = Base.lproj/LaunchScreen.storyboard; sourceTree = "<group>"; };
		310D9D3D1CBD3D98001C39BA /* Info.plist */ = {isa = PBXFileReference; lastKnownFileType = text.plist.xml; path = Info.plist; sourceTree = "<group>"; };
		310D9D431CBD3E5E001C39BA /* TableViewCell.swift */ = {isa = PBXFileReference; fileEncoding = 4; lastKnownFileType = sourcecode.swift; path = TableViewCell.swift; sourceTree = "<group>"; };
/* End PBXFileReference section */

/* Begin PBXFrameworksBuildPhase section */
		310D9D291CBD3D97001C39BA /* Frameworks */ = {
			isa = PBXFrameworksBuildPhase;
			buildActionMask = 2147483647;
			files = (
			);
			runOnlyForDeploymentPostprocessing = 0;
		};
/* End PBXFrameworksBuildPhase section */

/* Begin PBXGroup section */
		310D9D231CBD3D97001C39BA = {
			isa = PBXGroup;
			children = (
				310D9D2E1CBD3D97001C39BA /* StretchMyHeader */,
				310D9D2D1CBD3D97001C39BA /* Products */,
			);
			sourceTree = "<group>";
		};
		310D9D2D1CBD3D97001C39BA /* Products */ = {
			isa = PBXGroup;
			children = (
				310D9D2C1CBD3D97001C39BA /* StretchMyHeader.app */,
			);
			name = Products;
			sourceTree = "<group>";
		};
		310D9D2E1CBD3D97001C39BA /* StretchMyHeader */ = {
			isa = PBXGroup;
			children = (
				310D9D2F1CBD3D97001C39BA /* AppDelegate.swift */,
				310D9D311CBD3D97001C39BA /* MasterViewController.swift */,
				310D9D431CBD3E5E001C39BA /* TableViewCell.swift */,
				310D9D331CBD3D97001C39BA /* DetailViewController.swift */,
				310D9D351CBD3D97001C39BA /* Main.storyboard */,
				310D9D381CBD3D98001C39BA /* Assets.xcassets */,
				310D9D3A1CBD3D98001C39BA /* LaunchScreen.storyboard */,
				310D9D3D1CBD3D98001C39BA /* Info.plist */,
			);
			path = StretchMyHeader;
			sourceTree = "<group>";
		};
/* End PBXGroup section */

/* Begin PBXNativeTarget section */
		310D9D2B1CBD3D97001C39BA /* StretchMyHeader */ = {
			isa = PBXNativeTarget;
			buildConfigurationList = 310D9D401CBD3D98001C39BA /* Build configuration list for PBXNativeTarget "StretchMyHeader" */;
			buildPhases = (
				310D9D281CBD3D97001C39BA /* Sources */,
				310D9D291CBD3D97001C39BA /* Frameworks */,
				310D9D2A1CBD3D97001C39BA /* Resources */,
			);
			buildRules = (
			);
			dependencies = (
			);
			name = StretchMyHeader;
			productName = StretchMyHeader;
			productReference = 310D9D2C1CBD3D97001C39BA /* StretchMyHeader.app */;
			productType = "com.apple.product-type.application";
		};
/* End PBXNativeTarget section */

/* Begin PBXProject section */
		310D9D241CBD3D97001C39BA /* Project object */ = {
			isa = PBXProject;
			attributes = {
				LastSwiftUpdateCheck = 0730;
				LastUpgradeCheck = 0730;
				ORGANIZATIONNAME = "Jeffrey Ip";
				TargetAttributes = {
					310D9D2B1CBD3D97001C39BA = {
						CreatedOnToolsVersion = 7.3;
					};
				};
			};
			buildConfigurationList = 310D9D271CBD3D97001C39BA /* Build configuration list for PBXProject "StretchMyHeader" */;
			compatibilityVersion = "Xcode 3.2";
			developmentRegion = English;
			hasScannedForEncodings = 0;
			knownRegions = (
				en,
				Base,
			);
			mainGroup = 310D9D231CBD3D97001C39BA;
			productRefGroup = 310D9D2D1CBD3D97001C39BA /* Products */;
			projectDirPath = "";
			projectRoot = "";
			targets = (
				310D9D2B1CBD3D97001C39BA /* StretchMyHeader */,
			);
		};
/* End PBXProject section */

/* Begin PBXResourcesBuildPhase section */
		310D9D2A1CBD3D97001C39BA /* Resources */ = {
			isa = PBXResourcesBuildPhase;
			buildActionMask = 2147483647;
			files = (
				310D9D3C1CBD3D98001C39BA /* LaunchScreen.storyboard in Resources */,
				310D9D391CBD3D98001C39BA /* Assets.xcassets in Resources */,
				310D9D371CBD3D97001C39BA /* Main.storyboard in Resources */,
			);
			runOnlyForDeploymentPostprocessing = 0;
		};
/* End PBXResourcesBuildPhase section */

/* Begin PBXSourcesBuildPhase section */
		310D9D281CBD3D97001C39BA /* Sources */ = {
			isa = PBXSourcesBuildPhase;
			buildActionMask = 2147483647;
			files = (
				310D9D341CBD3D97001C39BA /* DetailViewController.swift in Sources */,
				310D9D441CBD3E5E001C39BA /* TableViewCell.swift in Sources */,
				310D9D321CBD3D97001C39BA /* MasterViewController.swift in Sources */,
				310D9D301CBD3D97001C39BA /* AppDelegate.swift in Sources */,
			);
			runOnlyForDeploymentPostprocessing = 0;
		};
/* End PBXSourcesBuildPhase section */

/* Begin PBXVariantGroup section */
		310D9D351CBD3D97001C39BA /* Main.storyboard */ = {
			isa = PBXVariantGroup;
			children = (
				310D9D361CBD3D97001C39BA /* Base */,
			);
			name = Main.storyboard;
			sourceTree = "<group>";
		};
		310D9D3A1CBD3D98001C39BA /* LaunchScreen.storyboard */ = {
			isa = PBXVariantGroup;
			children = (
				310D9D3B1CBD3D98001C39BA /* Base */,
			);
			name = LaunchScreen.storyboard;
			sourceTree = "<group>";
		};
/* End PBXVariantGroup section */

/* Begin XCBuildConfiguration section */
		310D9D3E1CBD3D98001C39BA /* Debug */ = {
			isa = XCBuildConfiguration;
			buildSettings = {
				ALWAYS_SEARCH_USER_PATHS = NO;
				CLANG_ANALYZER_NONNULL = YES;
				CLANG_CXX_LANGUAGE_STANDARD = "gnu++0x";
				CLANG_CXX_LIBRARY = "libc++";
				CLANG_ENABLE_MODULES = YES;
				CLANG_ENABLE_OBJC_ARC = YES;
				CLANG_WARN_BOOL_CONVERSION = YES;
				CLANG_WARN_CONSTANT_CONVERSION = YES;
				CLANG_WARN_DIRECT_OBJC_ISA_USAGE = YES_ERROR;
				CLANG_WARN_EMPTY_BODY = YES;
				CLANG_WARN_ENUM_CONVERSION = YES;
				CLANG_WARN_INT_CONVERSION = YES;
				CLANG_WARN_OBJC_ROOT_CLASS = YES_ERROR;
				CLANG_WARN_UNREACHABLE_CODE = YES;
				CLANG_WARN__DUPLICATE_METHOD_MATCH = YES;
				"CODE_SIGN_IDENTITY[sdk=iphoneos*]" = "iPhone Developer";
				COPY_PHASE_STRIP = NO;
				DEBUG_INFORMATION_FORMAT = dwarf;
				ENABLE_STRICT_OBJC_MSGSEND = YES;
				ENABLE_TESTABILITY = YES;
				GCC_C_LANGUAGE_STANDARD = gnu99;
				GCC_DYNAMIC_NO_PIC = NO;
				GCC_NO_COMMON_BLOCKS = YES;
				GCC_OPTIMIZATION_LEVEL = 0;
				GCC_PREPROCESSOR_DEFINITIONS = (
					"DEBUG=1",
					"$(inherited)",
				);
				GCC_WARN_64_TO_32_BIT_CONVERSION = YES;
				GCC_WARN_ABOUT_RETURN_TYPE = YES_ERROR;
				GCC_WARN_UNDECLARED_SELECTOR = YES;
				GCC_WARN_UNINITIALIZED_AUTOS = YES_AGGRESSIVE;
				GCC_WARN_UNUSED_FUNCTION = YES;
				GCC_WARN_UNUSED_VARIABLE = YES;
				IPHONEOS_DEPLOYMENT_TARGET = 9.3;
				MTL_ENABLE_DEBUG_INFO = YES;
				ONLY_ACTIVE_ARCH = YES;
				SDKROOT = iphoneos;
				SWIFT_OPTIMIZATION_LEVEL = "-Onone";
				TARGETED_DEVICE_FAMILY = "1,2";
			};
			name = Debug;
		};
		310D9D3F1CBD3D98001C39BA /* Release */ = {
			isa = XCBuildConfiguration;
			buildSettings = {
				ALWAYS_SEARCH_USER_PATHS = NO;
				CLANG_ANALYZER_NONNULL = YES;
				CLANG_CXX_LANGUAGE_STANDARD = "gnu++0x";
				CLANG_CXX_LIBRARY = "libc++";
				CLANG_ENABLE_MODULES = YES;
				CLANG_ENABLE_OBJC_ARC = YES;
				CLANG_WARN_BOOL_CONVERSION = YES;
				CLANG_WARN_CONSTANT_CONVERSION = YES;
				CLANG_WARN_DIRECT_OBJC_ISA_USAGE = YES_ERROR;
				CLANG_WARN_EMPTY_BODY = YES;
				CLANG_WARN_ENUM_CONVERSION = YES;
				CLANG_WARN_INT_CONVERSION = YES;
				CLANG_WARN_OBJC_ROOT_CLASS = YES_ERROR;
				CLANG_WARN_UNREACHABLE_CODE = YES;
				CLANG_WARN__DUPLICATE_METHOD_MATCH = YES;
				"CODE_SIGN_IDENTITY[sdk=iphoneos*]" = "iPhone Developer";
				COPY_PHASE_STRIP = NO;
				DEBUG_INFORMATION_FORMAT = "dwarf-with-dsym";
				ENABLE_NS_ASSERTIONS = NO;
				ENABLE_STRICT_OBJC_MSGSEND = YES;
				GCC_C_LANGUAGE_STANDARD = gnu99;
				GCC_NO_COMMON_BLOCKS = YES;
				GCC_WARN_64_TO_32_BIT_CONVERSION = YES;
				GCC_WARN_ABOUT_RETURN_TYPE = YES_ERROR;
				GCC_WARN_UNDECLARED_SELECTOR = YES;
				GCC_WARN_UNINITIALIZED_AUTOS = YES_AGGRESSIVE;
				GCC_WARN_UNUSED_FUNCTION = YES;
				GCC_WARN_UNUSED_VARIABLE = YES;
				IPHONEOS_DEPLOYMENT_TARGET = 9.3;
				MTL_ENABLE_DEBUG_INFO = NO;
				SDKROOT = iphoneos;
				TARGETED_DEVICE_FAMILY = "1,2";
				VALIDATE_PRODUCT = YES;
			};
			name = Release;
		};
		310D9D411CBD3D98001C39BA /* Debug */ = {
			isa = XCBuildConfiguration;
			buildSettings = {
				ASSETCATALOG_COMPILER_APPICON_NAME = AppIcon;
				INFOPLIST_FILE = StretchMyHeader/Info.plist;
				LD_RUNPATH_SEARCH_PATHS = "$(inherited) @executable_path/Frameworks";
				PRODUCT_BUNDLE_IDENTIFIER = edu.self.StretchMyHeader;
				PRODUCT_NAME = "$(TARGET_NAME)";
			};
			name = Debug;
		};
		310D9D421CBD3D98001C39BA /* Release */ = {
			isa = XCBuildConfiguration;
			buildSettings = {
				ASSETCATALOG_COMPILER_APPICON_NAME = AppIcon;
				INFOPLIST_FILE = StretchMyHeader/Info.plist;
				LD_RUNPATH_SEARCH_PATHS = "$(inherited) @executable_path/Frameworks";
				PRODUCT_BUNDLE_IDENTIFIER = edu.self.StretchMyHeader;
				PRODUCT_NAME = "$(TARGET_NAME)";
			};
			name = Release;
		};
/* End XCBuildConfiguration section */

/* Begin XCConfigurationList section */
		310D9D271CBD3D97001C39BA /* Build configuration list for PBXProject "StretchMyHeader" */ = {
			isa = XCConfigurationList;
			buildConfigurations = (
				310D9D3E1CBD3D98001C39BA /* Debug */,
				310D9D3F1CBD3D98001C39BA /* Release */,
			);
			defaultConfigurationIsVisible = 0;
			defaultConfigurationName = Release;
		};
		310D9D401CBD3D98001C39BA /* Build configuration list for PBXNativeTarget "StretchMyHeader" */ = {
			isa = XCConfigurationList;
			buildConfigurations = (
				310D9D411CBD3D98001C39BA /* Debug */,
				310D9D421CBD3D98001C39BA /* Release */,
			);
			defaultConfigurationIsVisible = 0;
		};
/* End XCConfigurationList section */
	};
	rootObject = 310D9D241CBD3D97001C39BA /* Project object */;
}
